
Microsoft Visual Studio Solution File, Format Version 12.00
# Visual Studio Version 16
VisualStudioVersion = 16.0.29519.87
MinimumVisualStudioVersion = 10.0.40219.1
Project("{9A19103F-16F7-4668-BE54-9A1E7A4F7556}") = "el_sn_marcelo_web", "el_sn_marcelo_web\el_sn_marcelo_web.csproj", "{3BC02E36-2F3C-4252-B6E8-0E863B2C770F}"
	ProjectSection(ProjectDependencies) = postProject
		{AAB3CC31-CDD6-4208-8308-90EA889527CE} = {AAB3CC31-CDD6-4208-8308-90EA889527CE}
	EndProjectSection
EndProject
Project("{9A19103F-16F7-4668-BE54-9A1E7A4F7556}") = "el_sn_marcelo_api", "el_sn_marcelo_api_cadastro\el_sn_marcelo_api.csproj", "{AAB3CC31-CDD6-4208-8308-90EA889527CE}"
EndProject
Project("{2150E333-8FDC-42A3-9474-1A3956D46DE8}") = "API", "API", "{82A03C60-CCFA-4A13-8513-3D128194956E}"
EndProject
Project("{9A19103F-16F7-4668-BE54-9A1E7A4F7556}") = "el_sn_marcelo_api_application", "el_sn_marcelo_api_cadastro_application\el_sn_marcelo_api_application.csproj", "{21002FD3-BCF3-4D89-B719-B85C10029CFE}"
EndProject
Project("{9A19103F-16F7-4668-BE54-9A1E7A4F7556}") = "el_sn_marcelo_api_infrastructure", "el_sn_marcelo_api_cadastro_infrastructure\el_sn_marcelo_api_infrastructure.csproj", "{D2826CB1-2B2D-436F-A2FF-D601438C16A0}"
EndProject
Global
	GlobalSection(SolutionConfigurationPlatforms) = preSolution
		Debug|Any CPU = Debug|Any CPU
		Release|Any CPU = Release|Any CPU
	EndGlobalSection
	GlobalSection(ProjectConfigurationPlatforms) = postSolution
		{3BC02E36-2F3C-4252-B6E8-0E863B2C770F}.Debug|Any CPU.ActiveCfg = Debug|Any CPU
		{3BC02E36-2F3C-4252-B6E8-0E863B2C770F}.Debug|Any CPU.Build.0 = Debug|Any CPU
		{3BC02E36-2F3C-4252-B6E8-0E863B2C770F}.Release|Any CPU.ActiveCfg = Release|Any CPU
		{3BC02E36-2F3C-4252-B6E8-0E863B2C770F}.Release|Any CPU.Build.0 = Release|Any CPU
		{AAB3CC31-CDD6-4208-8308-90EA889527CE}.Debug|Any CPU.ActiveCfg = Debug|Any CPU
		{AAB3CC31-CDD6-4208-8308-90EA889527CE}.Debug|Any CPU.Build.0 = Debug|Any CPU
		{AAB3CC31-CDD6-4208-8308-90EA889527CE}.Release|Any CPU.ActiveCfg = Release|Any CPU
		{AAB3CC31-CDD6-4208-8308-90EA889527CE}.Release|Any CPU.Build.0 = Release|Any CPU
		{21002FD3-BCF3-4D89-B719-B85C10029CFE}.Debug|Any CPU.ActiveCfg = Debug|Any CPU
		{21002FD3-BCF3-4D89-B719-B85C10029CFE}.Debug|Any CPU.Build.0 = Debug|Any CPU
		{21002FD3-BCF3-4D89-B719-B85C10029CFE}.Release|Any CPU.ActiveCfg = Release|Any CPU
		{21002FD3-BCF3-4D89-B719-B85C10029CFE}.Release|Any CPU.Build.0 = Release|Any CPU
		{D2826CB1-2B2D-436F-A2FF-D601438C16A0}.Debug|Any CPU.ActiveCfg = Debug|Any CPU
		{D2826CB1-2B2D-436F-A2FF-D601438C16A0}.Debug|Any CPU.Build.0 = Debug|Any CPU
		{D2826CB1-2B2D-436F-A2FF-D601438C16A0}.Release|Any CPU.ActiveCfg = Release|Any CPU
		{D2826CB1-2B2D-436F-A2FF-D601438C16A0}.Release|Any CPU.Build.0 = Release|Any CPU
	EndGlobalSection
	GlobalSection(SolutionProperties) = preSolution
		HideSolutionNode = FALSE
	EndGlobalSection
	GlobalSection(NestedProjects) = preSolution
		{AAB3CC31-CDD6-4208-8308-90EA889527CE} = {82A03C60-CCFA-4A13-8513-3D128194956E}
		{21002FD3-BCF3-4D89-B719-B85C10029CFE} = {82A03C60-CCFA-4A13-8513-3D128194956E}
		{D2826CB1-2B2D-436F-A2FF-D601438C16A0} = {82A03C60-CCFA-4A13-8513-3D128194956E}
	EndGlobalSection
	GlobalSection(ExtensibilityGlobals) = postSolution
		SolutionGuid = {755EEEE8-EBCB-4A87-9209-B0AF799B40C9}
	EndGlobalSection
EndGlobal
